
Microsoft Visual Studio Solution File, Format Version 12.00
# Visual Studio Version 17
VisualStudioVersion = 17.0.31903.59
MinimumVisualStudioVersion = 10.0.40219.1
Project("{FAE04EC0-301F-11D3-BF4B-00C04F79EFBC}") = "Rubrica.ConsoleApp", "Rubrica.ConsoleApp\Rubrica.ConsoleApp.csproj", "{245A935E-5B39-4AEE-B74B-13CD12D6F45E}"
EndProject
Project("{FAE04EC0-301F-11D3-BF4B-00C04F79EFBC}") = "Rubrica.Core", "Rubrica.Core\Rubrica.Core.csproj", "{311A7864-1416-44EC-9923-5F7F8995C438}"
EndProject
Project("{FAE04EC0-301F-11D3-BF4B-00C04F79EFBC}") = "Rubrica.RepositoryMock", "Rubrica.RepositoryMock\Rubrica.RepositoryMock.csproj", "{63E67B5D-21C3-4A7E-8090-6BB65683B6E6}"
EndProject
Project("{FAE04EC0-301F-11D3-BF4B-00C04F79EFBC}") = "Rubrica.RepositoryEF", "Rubrica.RepositoryEF\Rubrica.RepositoryEF.csproj", "{5AD803C3-7758-4771-90DB-51F2731ACA61}"
EndProject
Project("{FAE04EC0-301F-11D3-BF4B-00C04F79EFBC}") = "Rubrica.Test", "Rubrica.Test\Rubrica.Test.csproj", "{04E274CC-DA72-4C96-8144-AD79EB12BFC3}"
EndProject
Global
	GlobalSection(SolutionConfigurationPlatforms) = preSolution
		Debug|Any CPU = Debug|Any CPU
		Release|Any CPU = Release|Any CPU
	EndGlobalSection
	GlobalSection(ProjectConfigurationPlatforms) = postSolution
		{245A935E-5B39-4AEE-B74B-13CD12D6F45E}.Debug|Any CPU.ActiveCfg = Debug|Any CPU
		{245A935E-5B39-4AEE-B74B-13CD12D6F45E}.Debug|Any CPU.Build.0 = Debug|Any CPU
		{245A935E-5B39-4AEE-B74B-13CD12D6F45E}.Release|Any CPU.ActiveCfg = Release|Any CPU
		{245A935E-5B39-4AEE-B74B-13CD12D6F45E}.Release|Any CPU.Build.0 = Release|Any CPU
		{311A7864-1416-44EC-9923-5F7F8995C438}.Debug|Any CPU.ActiveCfg = Debug|Any CPU
		{311A7864-1416-44EC-9923-5F7F8995C438}.Debug|Any CPU.Build.0 = Debug|Any CPU
		{311A7864-1416-44EC-9923-5F7F8995C438}.Release|Any CPU.ActiveCfg = Release|Any CPU
		{311A7864-1416-44EC-9923-5F7F8995C438}.Release|Any CPU.Build.0 = Release|Any CPU
		{63E67B5D-21C3-4A7E-8090-6BB65683B6E6}.Debug|Any CPU.ActiveCfg = Debug|Any CPU
		{63E67B5D-21C3-4A7E-8090-6BB65683B6E6}.Debug|Any CPU.Build.0 = Debug|Any CPU
		{63E67B5D-21C3-4A7E-8090-6BB65683B6E6}.Release|Any CPU.ActiveCfg = Release|Any CPU
		{63E67B5D-21C3-4A7E-8090-6BB65683B6E6}.Release|Any CPU.Build.0 = Release|Any CPU
		{5AD803C3-7758-4771-90DB-51F2731ACA61}.Debug|Any CPU.ActiveCfg = Debug|Any CPU
		{5AD803C3-7758-4771-90DB-51F2731ACA61}.Debug|Any CPU.Build.0 = Debug|Any CPU
		{5AD803C3-7758-4771-90DB-51F2731ACA61}.Release|Any CPU.ActiveCfg = Release|Any CPU
		{5AD803C3-7758-4771-90DB-51F2731ACA61}.Release|Any CPU.Build.0 = Release|Any CPU
		{04E274CC-DA72-4C96-8144-AD79EB12BFC3}.Debug|Any CPU.ActiveCfg = Debug|Any CPU
		{04E274CC-DA72-4C96-8144-AD79EB12BFC3}.Debug|Any CPU.Build.0 = Debug|Any CPU
		{04E274CC-DA72-4C96-8144-AD79EB12BFC3}.Release|Any CPU.ActiveCfg = Release|Any CPU
		{04E274CC-DA72-4C96-8144-AD79EB12BFC3}.Release|Any CPU.Build.0 = Release|Any CPU
	EndGlobalSection
	GlobalSection(SolutionProperties) = preSolution
		HideSolutionNode = FALSE
	EndGlobalSection
	GlobalSection(ExtensibilityGlobals) = postSolution
		SolutionGuid = {D1F2FFE7-927F-4826-9919-3ACA185D8E78}
	EndGlobalSection
EndGlobal
